// !$*UTF8*$!
{
	archiveVersion = 1;
	classes = {
	};
	objectVersion = 46;
	objects = {

/* Begin PBXBuildFile section */
		A7283788196A45DF000F93ED /* Foundation.framework in Frameworks */ = {isa = PBXBuildFile; fileRef = A7283787196A45DF000F93ED /* Foundation.framework */; };
		A728378A196A45DF000F93ED /* CoreGraphics.framework in Frameworks */ = {isa = PBXBuildFile; fileRef = A7283789196A45DF000F93ED /* CoreGraphics.framework */; };
		A728378C196A45DF000F93ED /* UIKit.framework in Frameworks */ = {isa = PBXBuildFile; fileRef = A728378B196A45DF000F93ED /* UIKit.framework */; };
		A7283792196A45DF000F93ED /* InfoPlist.strings in Resources */ = {isa = PBXBuildFile; fileRef = A7283790196A45DF000F93ED /* InfoPlist.strings */; };
		A7283794196A45DF000F93ED /* main.m in Sources */ = {isa = PBXBuildFile; fileRef = A7283793196A45DF000F93ED /* main.m */; };
		A7283798196A45DF000F93ED /* CardGameAppDelegate.m in Sources */ = {isa = PBXBuildFile; fileRef = A7283797196A45DF000F93ED /* CardGameAppDelegate.m */; };
		A728379B196A45DF000F93ED /* Main.storyboard in Resources */ = {isa = PBXBuildFile; fileRef = A7283799196A45DF000F93ED /* Main.storyboard */; };
		A728379E196A45DF000F93ED /* CardGameViewController.m in Sources */ = {isa = PBXBuildFile; fileRef = A728379D196A45DF000F93ED /* CardGameViewController.m */; };
		A72837A0196A45DF000F93ED /* Images.xcassets in Resources */ = {isa = PBXBuildFile; fileRef = A728379F196A45DF000F93ED /* Images.xcassets */; };
		A72837A7196A45DF000F93ED /* XCTest.framework in Frameworks */ = {isa = PBXBuildFile; fileRef = A72837A6196A45DF000F93ED /* XCTest.framework */; };
		A72837A8196A45DF000F93ED /* Foundation.framework in Frameworks */ = {isa = PBXBuildFile; fileRef = A7283787196A45DF000F93ED /* Foundation.framework */; };
		A72837A9196A45DF000F93ED /* UIKit.framework in Frameworks */ = {isa = PBXBuildFile; fileRef = A728378B196A45DF000F93ED /* UIKit.framework */; };
		A72837B1196A45DF000F93ED /* InfoPlist.strings in Resources */ = {isa = PBXBuildFile; fileRef = A72837AF196A45DF000F93ED /* InfoPlist.strings */; };
		A72837B3196A45DF000F93ED /* MatchismoTests.m in Sources */ = {isa = PBXBuildFile; fileRef = A72837B2196A45DF000F93ED /* MatchismoTests.m */; };
		A72837BE196A51F9000F93ED /* Card.m in Sources */ = {isa = PBXBuildFile; fileRef = A72837BD196A51F9000F93ED /* Card.m */; };
		A72837C2196A5303000F93ED /* Deck.m in Sources */ = {isa = PBXBuildFile; fileRef = A72837C1196A5303000F93ED /* Deck.m */; };
		A72837C5196A5489000F93ED /* PlayingCard.m in Sources */ = {isa = PBXBuildFile; fileRef = A72837C4196A5489000F93ED /* PlayingCard.m */; };
		A72837C8196A55E0000F93ED /* PlayingCardDeck.m in Sources */ = {isa = PBXBuildFile; fileRef = A72837C7196A55E0000F93ED /* PlayingCardDeck.m */; };
/* End PBXBuildFile section */

/* Begin PBXContainerItemProxy section */
		A72837AA196A45DF000F93ED /* PBXContainerItemProxy */ = {
			isa = PBXContainerItemProxy;
			containerPortal = A728377C196A45DF000F93ED /* Project object */;
			proxyType = 1;
			remoteGlobalIDString = A7283783196A45DF000F93ED;
			remoteInfo = Matchismo;
		};
/* End PBXContainerItemProxy section */

/* Begin PBXFileReference section */
		A7283784196A45DF000F93ED /* Matchismo.app */ = {isa = PBXFileReference; explicitFileType = wrapper.application; includeInIndex = 0; path = Matchismo.app; sourceTree = BUILT_PRODUCTS_DIR; };
		A7283787196A45DF000F93ED /* Foundation.framework */ = {isa = PBXFileReference; lastKnownFileType = wrapper.framework; name = Foundation.framework; path = System/Library/Frameworks/Foundation.framework; sourceTree = SDKROOT; };
		A7283789196A45DF000F93ED /* CoreGraphics.framework */ = {isa = PBXFileReference; lastKnownFileType = wrapper.framework; name = CoreGraphics.framework; path = System/Library/Frameworks/CoreGraphics.framework; sourceTree = SDKROOT; };
		A728378B196A45DF000F93ED /* UIKit.framework */ = {isa = PBXFileReference; lastKnownFileType = wrapper.framework; name = UIKit.framework; path = System/Library/Frameworks/UIKit.framework; sourceTree = SDKROOT; };
		A728378F196A45DF000F93ED /* Matchismo-Info.plist */ = {isa = PBXFileReference; lastKnownFileType = text.plist.xml; path = "Matchismo-Info.plist"; sourceTree = "<group>"; };
		A7283791196A45DF000F93ED /* en */ = {isa = PBXFileReference; lastKnownFileType = text.plist.strings; name = en; path = en.lproj/InfoPlist.strings; sourceTree = "<group>"; };
		A7283793196A45DF000F93ED /* main.m */ = {isa = PBXFileReference; lastKnownFileType = sourcecode.c.objc; path = main.m; sourceTree = "<group>"; };
		A7283795196A45DF000F93ED /* Matchismo-Prefix.pch */ = {isa = PBXFileReference; lastKnownFileType = sourcecode.c.h; path = "Matchismo-Prefix.pch"; sourceTree = "<group>"; };
		A7283796196A45DF000F93ED /* CardGameAppDelegate.h */ = {isa = PBXFileReference; lastKnownFileType = sourcecode.c.h; path = CardGameAppDelegate.h; sourceTree = "<group>"; };
		A7283797196A45DF000F93ED /* CardGameAppDelegate.m */ = {isa = PBXFileReference; lastKnownFileType = sourcecode.c.objc; path = CardGameAppDelegate.m; sourceTree = "<group>"; };
		A728379A196A45DF000F93ED /* Base */ = {isa = PBXFileReference; lastKnownFileType = file.storyboard; name = Base; path = Base.lproj/Main.storyboard; sourceTree = "<group>"; };
		A728379C196A45DF000F93ED /* CardGameViewController.h */ = {isa = PBXFileReference; lastKnownFileType = sourcecode.c.h; path = CardGameViewController.h; sourceTree = "<group>"; };
		A728379D196A45DF000F93ED /* CardGameViewController.m */ = {isa = PBXFileReference; lastKnownFileType = sourcecode.c.objc; path = CardGameViewController.m; sourceTree = "<group>"; };
		A728379F196A45DF000F93ED /* Images.xcassets */ = {isa = PBXFileReference; lastKnownFileType = folder.assetcatalog; path = Images.xcassets; sourceTree = "<group>"; };
		A72837A5196A45DF000F93ED /* MatchismoTests.xctest */ = {isa = PBXFileReference; explicitFileType = wrapper.cfbundle; includeInIndex = 0; path = MatchismoTests.xctest; sourceTree = BUILT_PRODUCTS_DIR; };
		A72837A6196A45DF000F93ED /* XCTest.framework */ = {isa = PBXFileReference; lastKnownFileType = wrapper.framework; name = XCTest.framework; path = Library/Frameworks/XCTest.framework; sourceTree = DEVELOPER_DIR; };
		A72837AE196A45DF000F93ED /* MatchismoTests-Info.plist */ = {isa = PBXFileReference; lastKnownFileType = text.plist.xml; path = "MatchismoTests-Info.plist"; sourceTree = "<group>"; };
		A72837B0196A45DF000F93ED /* en */ = {isa = PBXFileReference; lastKnownFileType = text.plist.strings; name = en; path = en.lproj/InfoPlist.strings; sourceTree = "<group>"; };
		A72837B2196A45DF000F93ED /* MatchismoTests.m */ = {isa = PBXFileReference; lastKnownFileType = sourcecode.c.objc; path = MatchismoTests.m; sourceTree = "<group>"; };
		A72837BC196A51F9000F93ED /* Card.h */ = {isa = PBXFileReference; fileEncoding = 4; lastKnownFileType = sourcecode.c.h; name = Card.h; path = Model/Card.h; sourceTree = "<group>"; };
		A72837BD196A51F9000F93ED /* Card.m */ = {isa = PBXFileReference; fileEncoding = 4; lastKnownFileType = sourcecode.c.objc; name = Card.m; path = Model/Card.m; sourceTree = "<group>"; };
		A72837C0196A5303000F93ED /* Deck.h */ = {isa = PBXFileReference; fileEncoding = 4; lastKnownFileType = sourcecode.c.h; name = Deck.h; path = Model/Deck.h; sourceTree = "<group>"; };
		A72837C1196A5303000F93ED /* Deck.m */ = {isa = PBXFileReference; fileEncoding = 4; lastKnownFileType = sourcecode.c.objc; name = Deck.m; path = Model/Deck.m; sourceTree = "<group>"; };
		A72837C3196A5489000F93ED /* PlayingCard.h */ = {isa = PBXFileReference; fileEncoding = 4; lastKnownFileType = sourcecode.c.h; name = PlayingCard.h; path = Model/PlayingCard.h; sourceTree = "<group>"; };
		A72837C4196A5489000F93ED /* PlayingCard.m */ = {isa = PBXFileReference; fileEncoding = 4; lastKnownFileType = sourcecode.c.objc; name = PlayingCard.m; path = Model/PlayingCard.m; sourceTree = "<group>"; };
		A72837C6196A55E0000F93ED /* PlayingCardDeck.h */ = {isa = PBXFileReference; fileEncoding = 4; lastKnownFileType = sourcecode.c.h; name = PlayingCardDeck.h; path = Model/PlayingCardDeck.h; sourceTree = "<group>"; };
		A72837C7196A55E0000F93ED /* PlayingCardDeck.m */ = {isa = PBXFileReference; fileEncoding = 4; lastKnownFileType = sourcecode.c.objc; name = PlayingCardDeck.m; path = Model/PlayingCardDeck.m; sourceTree = "<group>"; };
/* End PBXFileReference section */

/* Begin PBXFrameworksBuildPhase section */
		A7283781196A45DF000F93ED /* Frameworks */ = {
			isa = PBXFrameworksBuildPhase;
			buildActionMask = 2147483647;
			files = (
				A728378A196A45DF000F93ED /* CoreGraphics.framework in Frameworks */,
				A728378C196A45DF000F93ED /* UIKit.framework in Frameworks */,
				A7283788196A45DF000F93ED /* Foundation.framework in Frameworks */,
			);
			runOnlyForDeploymentPostprocessing = 0;
		};
		A72837A2196A45DF000F93ED /* Frameworks */ = {
			isa = PBXFrameworksBuildPhase;
			buildActionMask = 2147483647;
			files = (
				A72837A7196A45DF000F93ED /* XCTest.framework in Frameworks */,
				A72837A9196A45DF000F93ED /* UIKit.framework in Frameworks */,
				A72837A8196A45DF000F93ED /* Foundation.framework in Frameworks */,
			);
			runOnlyForDeploymentPostprocessing = 0;
		};
/* End PBXFrameworksBuildPhase section */

/* Begin PBXGroup section */
		A728377B196A45DF000F93ED = {
			isa = PBXGroup;
			children = (
				A728378D196A45DF000F93ED /* Matchismo */,
				A72837AC196A45DF000F93ED /* MatchismoTests */,
				A7283786196A45DF000F93ED /* Frameworks */,
				A7283785196A45DF000F93ED /* Products */,
			);
			sourceTree = "<group>";
		};
		A7283785196A45DF000F93ED /* Products */ = {
			isa = PBXGroup;
			children = (
				A7283784196A45DF000F93ED /* Matchismo.app */,
				A72837A5196A45DF000F93ED /* MatchismoTests.xctest */,
			);
			name = Products;
			sourceTree = "<group>";
		};
		A7283786196A45DF000F93ED /* Frameworks */ = {
			isa = PBXGroup;
			children = (
				A7283787196A45DF000F93ED /* Foundation.framework */,
				A7283789196A45DF000F93ED /* CoreGraphics.framework */,
				A728378B196A45DF000F93ED /* UIKit.framework */,
				A72837A6196A45DF000F93ED /* XCTest.framework */,
			);
			name = Frameworks;
			sourceTree = "<group>";
		};
		A728378D196A45DF000F93ED /* Matchismo */ = {
			isa = PBXGroup;
			children = (
				A7283799196A45DF000F93ED /* Main.storyboard */,
				A728379C196A45DF000F93ED /* CardGameViewController.h */,
				A728379D196A45DF000F93ED /* CardGameViewController.m */,
				A72837BF196A51FF000F93ED /* Model */,
				A728379F196A45DF000F93ED /* Images.xcassets */,
				A728378E196A45DF000F93ED /* Supporting Files */,
			);
			path = Matchismo;
			sourceTree = "<group>";
		};
		A728378E196A45DF000F93ED /* Supporting Files */ = {
			isa = PBXGroup;
			children = (
				A7283796196A45DF000F93ED /* CardGameAppDelegate.h */,
				A7283797196A45DF000F93ED /* CardGameAppDelegate.m */,
				A728378F196A45DF000F93ED /* Matchismo-Info.plist */,
				A7283790196A45DF000F93ED /* InfoPlist.strings */,
				A7283793196A45DF000F93ED /* main.m */,
				A7283795196A45DF000F93ED /* Matchismo-Prefix.pch */,
			);
			name = "Supporting Files";
			sourceTree = "<group>";
		};
		A72837AC196A45DF000F93ED /* MatchismoTests */ = {
			isa = PBXGroup;
			children = (
				A72837B2196A45DF000F93ED /* MatchismoTests.m */,
				A72837AD196A45DF000F93ED /* Supporting Files */,
			);
			path = MatchismoTests;
			sourceTree = "<group>";
		};
		A72837AD196A45DF000F93ED /* Supporting Files */ = {
			isa = PBXGroup;
			children = (
				A72837AE196A45DF000F93ED /* MatchismoTests-Info.plist */,
				A72837AF196A45DF000F93ED /* InfoPlist.strings */,
			);
			name = "Supporting Files";
			sourceTree = "<group>";
		};
		A72837BF196A51FF000F93ED /* Model */ = {
			isa = PBXGroup;
			children = (
				A72837BC196A51F9000F93ED /* Card.h */,
				A72837C0196A5303000F93ED /* Deck.h */,
				A72837C1196A5303000F93ED /* Deck.m */,
				A72837C3196A5489000F93ED /* PlayingCard.h */,
				A72837C4196A5489000F93ED /* PlayingCard.m */,
				A72837C6196A55E0000F93ED /* PlayingCardDeck.h */,
				A72837C7196A55E0000F93ED /* PlayingCardDeck.m */,
				A72837BD196A51F9000F93ED /* Card.m */,
			);
			name = Model;
			sourceTree = "<group>";
		};
/* End PBXGroup section */

/* Begin PBXNativeTarget section */
		A7283783196A45DF000F93ED /* Matchismo */ = {
			isa = PBXNativeTarget;
			buildConfigurationList = A72837B6196A45DF000F93ED /* Build configuration list for PBXNativeTarget "Matchismo" */;
			buildPhases = (
				A7283780196A45DF000F93ED /* Sources */,
				A7283781196A45DF000F93ED /* Frameworks */,
				A7283782196A45DF000F93ED /* Resources */,
			);
			buildRules = (
			);
			dependencies = (
			);
			name = Matchismo;
			productName = Matchismo;
			productReference = A7283784196A45DF000F93ED /* Matchismo.app */;
			productType = "com.apple.product-type.application";
		};
		A72837A4196A45DF000F93ED /* MatchismoTests */ = {
			isa = PBXNativeTarget;
			buildConfigurationList = A72837B9196A45DF000F93ED /* Build configuration list for PBXNativeTarget "MatchismoTests" */;
			buildPhases = (
				A72837A1196A45DF000F93ED /* Sources */,
				A72837A2196A45DF000F93ED /* Frameworks */,
				A72837A3196A45DF000F93ED /* Resources */,
			);
			buildRules = (
			);
			dependencies = (
				A72837AB196A45DF000F93ED /* PBXTargetDependency */,
			);
			name = MatchismoTests;
			productName = MatchismoTests;
			productReference = A72837A5196A45DF000F93ED /* MatchismoTests.xctest */;
			productType = "com.apple.product-type.bundle.unit-test";
		};
/* End PBXNativeTarget section */

/* Begin PBXProject section */
		A728377C196A45DF000F93ED /* Project object */ = {
			isa = PBXProject;
			attributes = {
				CLASSPREFIX = CardGame;
				LastUpgradeCheck = 0510;
				ORGANIZATIONNAME = Alessandro;
				TargetAttributes = {
					A72837A4196A45DF000F93ED = {
						TestTargetID = A7283783196A45DF000F93ED;
					};
				};
			};
			buildConfigurationList = A728377F196A45DF000F93ED /* Build configuration list for PBXProject "Matchismo" */;
			compatibilityVersion = "Xcode 3.2";
			developmentRegion = English;
			hasScannedForEncodings = 0;
			knownRegions = (
				en,
				Base,
			);
			mainGroup = A728377B196A45DF000F93ED;
			productRefGroup = A7283785196A45DF000F93ED /* Products */;
			projectDirPath = "";
			projectRoot = "";
			targets = (
				A7283783196A45DF000F93ED /* Matchismo */,
				A72837A4196A45DF000F93ED /* MatchismoTests */,
			);
		};
/* End PBXProject section */

/* Begin PBXResourcesBuildPhase section */
		A7283782196A45DF000F93ED /* Resources */ = {
			isa = PBXResourcesBuildPhase;
			buildActionMask = 2147483647;
			files = (
				A72837A0196A45DF000F93ED /* Images.xcassets in Resources */,
				A7283792196A45DF000F93ED /* InfoPlist.strings in Resources */,
				A728379B196A45DF000F93ED /* Main.storyboard in Resources */,
			);
			runOnlyForDeploymentPostprocessing = 0;
		};
		A72837A3196A45DF000F93ED /* Resources */ = {
			isa = PBXResourcesBuildPhase;
			buildActionMask = 2147483647;
			files = (
				A72837B1196A45DF000F93ED /* InfoPlist.strings in Resources */,
			);
			runOnlyForDeploymentPostprocessing = 0;
		};
/* End PBXResourcesBuildPhase section */

/* Begin PBXSourcesBuildPhase section */
		A7283780196A45DF000F93ED /* Sources */ = {
			isa = PBXSourcesBuildPhase;
			buildActionMask = 2147483647;
			files = (
				A72837C5196A5489000F93ED /* PlayingCard.m in Sources */,
				A72837C2196A5303000F93ED /* Deck.m in Sources */,
				A7283798196A45DF000F93ED /* CardGameAppDelegate.m in Sources */,
				A728379E196A45DF000F93ED /* CardGameViewController.m in Sources */,
				A72837C8196A55E0000F93ED /* PlayingCardDeck.m in Sources */,
				A7283794196A45DF000F93ED /* main.m in Sources */,
				A72837BE196A51F9000F93ED /* Card.m in Sources */,
			);
			runOnlyForDeploymentPostprocessing = 0;
		};
		A72837A1196A45DF000F93ED /* Sources */ = {
			isa = PBXSourcesBuildPhase;
			buildActionMask = 2147483647;
			files = (
				A72837B3196A45DF000F93ED /* MatchismoTests.m in Sources */,
			);
			runOnlyForDeploymentPostprocessing = 0;
		};
/* End PBXSourcesBuildPhase section */

/* Begin PBXTargetDependency section */
		A72837AB196A45DF000F93ED /* PBXTargetDependency */ = {
			isa = PBXTargetDependency;
			target = A7283783196A45DF000F93ED /* Matchismo */;
			targetProxy = A72837AA196A45DF000F93ED /* PBXContainerItemProxy */;
		};
/* End PBXTargetDependency section */

/* Begin PBXVariantGroup section */
		A7283790196A45DF000F93ED /* InfoPlist.strings */ = {
			isa = PBXVariantGroup;
			children = (
				A7283791196A45DF000F93ED /* en */,
			);
			name = InfoPlist.strings;
			sourceTree = "<group>";
		};
		A7283799196A45DF000F93ED /* Main.storyboard */ = {
			isa = PBXVariantGroup;
			children = (
				A728379A196A45DF000F93ED /* Base */,
			);
			name = Main.storyboard;
			sourceTree = "<group>";
		};
		A72837AF196A45DF000F93ED /* InfoPlist.strings */ = {
			isa = PBXVariantGroup;
			children = (
				A72837B0196A45DF000F93ED /* en */,
			);
			name = InfoPlist.strings;
			sourceTree = "<group>";
		};
/* End PBXVariantGroup section */

/* Begin XCBuildConfiguration section */
		A72837B4196A45DF000F93ED /* Debug */ = {
			isa = XCBuildConfiguration;
			buildSettings = {
				ALWAYS_SEARCH_USER_PATHS = NO;
				CLANG_CXX_LANGUAGE_STANDARD = "gnu++0x";
				CLANG_CXX_LIBRARY = "libc++";
				CLANG_ENABLE_MODULES = YES;
				CLANG_ENABLE_OBJC_ARC = YES;
				CLANG_WARN_BOOL_CONVERSION = YES;
				CLANG_WARN_CONSTANT_CONVERSION = YES;
				CLANG_WARN_DIRECT_OBJC_ISA_USAGE = YES_ERROR;
				CLANG_WARN_EMPTY_BODY = YES;
				CLANG_WARN_ENUM_CONVERSION = YES;
				CLANG_WARN_INT_CONVERSION = YES;
				CLANG_WARN_OBJC_ROOT_CLASS = YES_ERROR;
				CLANG_WARN__DUPLICATE_METHOD_MATCH = YES;
				"CODE_SIGN_IDENTITY[sdk=iphoneos*]" = "iPhone Developer";
				COPY_PHASE_STRIP = NO;
				GCC_C_LANGUAGE_STANDARD = gnu99;
				GCC_DYNAMIC_NO_PIC = NO;
				GCC_OPTIMIZATION_LEVEL = 0;
				GCC_PREPROCESSOR_DEFINITIONS = (
					"DEBUG=1",
					"$(inherited)",
				);
				GCC_SYMBOLS_PRIVATE_EXTERN = NO;
				GCC_WARN_64_TO_32_BIT_CONVERSION = YES;
				GCC_WARN_ABOUT_RETURN_TYPE = YES_ERROR;
				GCC_WARN_UNDECLARED_SELECTOR = YES;
				GCC_WARN_UNINITIALIZED_AUTOS = YES_AGGRESSIVE;
				GCC_WARN_UNUSED_FUNCTION = YES;
				GCC_WARN_UNUSED_VARIABLE = YES;
				IPHONEOS_DEPLOYMENT_TARGET = 7.1;
				ONLY_ACTIVE_ARCH = YES;
				SDKROOT = iphoneos;
			};
			name = Debug;
		};
		A72837B5196A45DF000F93ED /* Release */ = {
			isa = XCBuildConfiguration;
			buildSettings = {
				ALWAYS_SEARCH_USER_PATHS = NO;
				CLANG_CXX_LANGUAGE_STANDARD = "gnu++0x";
				CLANG_CXX_LIBRARY = "libc++";
				CLANG_ENABLE_MODULES = YES;
				CLANG_ENABLE_OBJC_ARC = YES;
				CLANG_WARN_BOOL_CONVERSION = YES;
				CLANG_WARN_CONSTANT_CONVERSION = YES;
				CLANG_WARN_DIRECT_OBJC_ISA_USAGE = YES_ERROR;
				CLANG_WARN_EMPTY_BODY = YES;
				CLANG_WARN_ENUM_CONVERSION = YES;
				CLANG_WARN_INT_CONVERSION = YES;
				CLANG_WARN_OBJC_ROOT_CLASS = YES_ERROR;
				CLANG_WARN__DUPLICATE_METHOD_MATCH = YES;
				"CODE_SIGN_IDENTITY[sdk=iphoneos*]" = "iPhone Developer";
				COPY_PHASE_STRIP = YES;
				ENABLE_NS_ASSERTIONS = NO;
				GCC_C_LANGUAGE_STANDARD = gnu99;
				GCC_WARN_64_TO_32_BIT_CONVERSION = YES;
				GCC_WARN_ABOUT_RETURN_TYPE = YES_ERROR;
				GCC_WARN_UNDECLARED_SELECTOR = YES;
				GCC_WARN_UNINITIALIZED_AUTOS = YES_AGGRESSIVE;
				GCC_WARN_UNUSED_FUNCTION = YES;
				GCC_WARN_UNUSED_VARIABLE = YES;
				IPHONEOS_DEPLOYMENT_TARGET = 7.1;
				SDKROOT = iphoneos;
				VALIDATE_PRODUCT = YES;
			};
			name = Release;
		};
		A72837B7196A45DF000F93ED /* Debug */ = {
			isa = XCBuildConfiguration;
			buildSettings = {
				ASSETCATALOG_COMPILER_APPICON_NAME = AppIcon;
				ASSETCATALOG_COMPILER_LAUNCHIMAGE_NAME = LaunchImage;
				GCC_PRECOMPILE_PREFIX_HEADER = YES;
				GCC_PREFIX_HEADER = "Matchismo/Matchismo-Prefix.pch";
				INFOPLIST_FILE = "Matchismo/Matchismo-Info.plist";
				PRODUCT_NAME = "$(TARGET_NAME)";
				WRAPPER_EXTENSION = app;
			};
			name = Debug;
		};
		A72837B8196A45DF000F93ED /* Release */ = {
			isa = XCBuildConfiguration;
			buildSettings = {
				ASSETCATALOG_COMPILER_APPICON_NAME = AppIcon;
				ASSETCATALOG_COMPILER_LAUNCHIMAGE_NAME = LaunchImage;
				GCC_PRECOMPILE_PREFIX_HEADER = YES;
				GCC_PREFIX_HEADER = "Matchismo/Matchismo-Prefix.pch";
				INFOPLIST_FILE = "Matchismo/Matchismo-Info.plist";
				PRODUCT_NAME = "$(TARGET_NAME)";
				WRAPPER_EXTENSION = app;
			};
			name = Release;
		};
		A72837BA196A45DF000F93ED /* Debug */ = {
			isa = XCBuildConfiguration;
			buildSettings = {
				BUNDLE_LOADER = "$(BUILT_PRODUCTS_DIR)/Matchismo.app/Matchismo";
				FRAMEWORK_SEARCH_PATHS = (
					"$(SDKROOT)/Developer/Library/Frameworks",
					"$(inherited)",
					"$(DEVELOPER_FRAMEWORKS_DIR)",
				);
				GCC_PRECOMPILE_PREFIX_HEADER = YES;
				GCC_PREFIX_HEADER = "Matchismo/Matchismo-Prefix.pch";
				GCC_PREPROCESSOR_DEFINITIONS = (
					"DEBUG=1",
					"$(inherited)",
				);
				INFOPLIST_FILE = "MatchismoTests/MatchismoTests-Info.plist";
				PRODUCT_NAME = "$(TARGET_NAME)";
				TEST_HOST = "$(BUNDLE_LOADER)";
				WRAPPER_EXTENSION = xctest;
			};
			name = Debug;
		};
		A72837BB196A45DF000F93ED /* Release */ = {
			isa = XCBuildConfiguration;
			buildSettings = {
				BUNDLE_LOADER = "$(BUILT_PRODUCTS_DIR)/Matchismo.app/Matchismo";
				FRAMEWORK_SEARCH_PATHS = (
					"$(SDKROOT)/Developer/Library/Frameworks",
					"$(inherited)",
					"$(DEVELOPER_FRAMEWORKS_DIR)",
				);
				GCC_PRECOMPILE_PREFIX_HEADER = YES;
				GCC_PREFIX_HEADER = "Matchismo/Matchismo-Prefix.pch";
				INFOPLIST_FILE = "MatchismoTests/MatchismoTests-Info.plist";
				PRODUCT_NAME = "$(TARGET_NAME)";
				TEST_HOST = "$(BUNDLE_LOADER)";
				WRAPPER_EXTENSION = xctest;
			};
			name = Release;
		};
/* End XCBuildConfiguration section */

/* Begin XCConfigurationList section */
		A728377F196A45DF000F93ED /* Build configuration list for PBXProject "Matchismo" */ = {
			isa = XCConfigurationList;
			buildConfigurations = (
				A72837B4196A45DF000F93ED /* Debug */,
				A72837B5196A45DF000F93ED /* Release */,
			);
			defaultConfigurationIsVisible = 0;
			defaultConfigurationName = Release;
		};
		A72837B6196A45DF000F93ED /* Build configuration list for PBXNativeTarget "Matchismo" */ = {
			isa = XCConfigurationList;
			buildConfigurations = (
				A72837B7196A45DF000F93ED /* Debug */,
				A72837B8196A45DF000F93ED /* Release */,
			);
			defaultConfigurationIsVisible = 0;
		};
		A72837B9196A45DF000F93ED /* Build configuration list for PBXNativeTarget "MatchismoTests" */ = {
			isa = XCConfigurationList;
			buildConfigurations = (
				A72837BA196A45DF000F93ED /* Debug */,
				A72837BB196A45DF000F93ED /* Release */,
			);
			defaultConfigurationIsVisible = 0;
		};
/* End XCConfigurationList section */
	};
	rootObject = A728377C196A45DF000F93ED /* Project object */;
}
